
Microsoft Visual Studio Solution File, Format Version 12.00
# Visual Studio 14
VisualStudioVersion = 14.0.25420.1
MinimumVisualStudioVersion = 10.0.40219.1
Project("{FAE04EC0-301F-11D3-BF4B-00C04F79EFBC}") = "ConsoleTestApp", "ConsoleTestApp\ConsoleTestApp.csproj", "{C0E77AFA-DF21-451E-9710-FB37B30B4C14}"
EndProject
Project("{FAE04EC0-301F-11D3-BF4B-00C04F79EFBC}") = "ReactIb", "ReactIb\ReactIb.csproj", "{985C3D2D-8991-4110-ADF0-C613219CE3BA}"
EndProject
Project("{FAE04EC0-301F-11D3-BF4B-00C04F79EFBC}") = "ReactIb.ManualTests", "ReactIb.ManualTests\ReactIb.ManualTests.csproj", "{EC8A21D4-5E8F-49C6-8CDF-A7592B9121C7}"
EndProject
Project("{FAE04EC0-301F-11D3-BF4B-00C04F79EFBC}") = "ReactIb.UnitTests", "ReactIb.UnitTests\ReactIb.UnitTests.csproj", "{C99FD8F8-428A-4853-89AD-623AD62E51A1}"
EndProject
Global
	GlobalSection(SolutionConfigurationPlatforms) = preSolution
		Debug|Any CPU = Debug|Any CPU
		Debug|Mixed Platforms = Debug|Mixed Platforms
		Debug|x86 = Debug|x86
		Release|Any CPU = Release|Any CPU
		Release|Mixed Platforms = Release|Mixed Platforms
		Release|x86 = Release|x86
	EndGlobalSection
	GlobalSection(ProjectConfigurationPlatforms) = postSolution
		{C0E77AFA-DF21-451E-9710-FB37B30B4C14}.Debug|Any CPU.ActiveCfg = Debug|Any CPU
		{C0E77AFA-DF21-451E-9710-FB37B30B4C14}.Debug|Any CPU.Build.0 = Debug|Any CPU
		{C0E77AFA-DF21-451E-9710-FB37B30B4C14}.Debug|Mixed Platforms.ActiveCfg = Debug|Any CPU
		{C0E77AFA-DF21-451E-9710-FB37B30B4C14}.Debug|Mixed Platforms.Build.0 = Debug|Any CPU
		{C0E77AFA-DF21-451E-9710-FB37B30B4C14}.Debug|x86.ActiveCfg = Debug|Any CPU
		{C0E77AFA-DF21-451E-9710-FB37B30B4C14}.Debug|x86.Build.0 = Debug|Any CPU
		{C0E77AFA-DF21-451E-9710-FB37B30B4C14}.Release|Any CPU.ActiveCfg = Release|Any CPU
		{C0E77AFA-DF21-451E-9710-FB37B30B4C14}.Release|Any CPU.Build.0 = Release|Any CPU
		{C0E77AFA-DF21-451E-9710-FB37B30B4C14}.Release|Mixed Platforms.ActiveCfg = Release|Any CPU
		{C0E77AFA-DF21-451E-9710-FB37B30B4C14}.Release|Mixed Platforms.Build.0 = Release|Any CPU
		{C0E77AFA-DF21-451E-9710-FB37B30B4C14}.Release|x86.ActiveCfg = Release|Any CPU
		{C0E77AFA-DF21-451E-9710-FB37B30B4C14}.Release|x86.Build.0 = Release|Any CPU
		{985C3D2D-8991-4110-ADF0-C613219CE3BA}.Debug|Any CPU.ActiveCfg = Debug|Any CPU
		{985C3D2D-8991-4110-ADF0-C613219CE3BA}.Debug|Any CPU.Build.0 = Debug|Any CPU
		{985C3D2D-8991-4110-ADF0-C613219CE3BA}.Debug|Mixed Platforms.ActiveCfg = Debug|Any CPU
		{985C3D2D-8991-4110-ADF0-C613219CE3BA}.Debug|Mixed Platforms.Build.0 = Debug|Any CPU
		{985C3D2D-8991-4110-ADF0-C613219CE3BA}.Debug|x86.ActiveCfg = Debug|Any CPU
		{985C3D2D-8991-4110-ADF0-C613219CE3BA}.Debug|x86.Build.0 = Debug|Any CPU
		{985C3D2D-8991-4110-ADF0-C613219CE3BA}.Release|Any CPU.ActiveCfg = Release|Any CPU
		{985C3D2D-8991-4110-ADF0-C613219CE3BA}.Release|Any CPU.Build.0 = Release|Any CPU
		{985C3D2D-8991-4110-ADF0-C613219CE3BA}.Release|Mixed Platforms.ActiveCfg = Release|Any CPU
		{985C3D2D-8991-4110-ADF0-C613219CE3BA}.Release|Mixed Platforms.Build.0 = Release|Any CPU
		{985C3D2D-8991-4110-ADF0-C613219CE3BA}.Release|x86.ActiveCfg = Release|Any CPU
		{985C3D2D-8991-4110-ADF0-C613219CE3BA}.Release|x86.Build.0 = Release|Any CPU
		{EC8A21D4-5E8F-49C6-8CDF-A7592B9121C7}.Debug|Any CPU.ActiveCfg = Debug|Any CPU
		{EC8A21D4-5E8F-49C6-8CDF-A7592B9121C7}.Debug|Any CPU.Build.0 = Debug|Any CPU
		{EC8A21D4-5E8F-49C6-8CDF-A7592B9121C7}.Debug|Mixed Platforms.ActiveCfg = Debug|Any CPU
		{EC8A21D4-5E8F-49C6-8CDF-A7592B9121C7}.Debug|Mixed Platforms.Build.0 = Debug|Any CPU
		{EC8A21D4-5E8F-49C6-8CDF-A7592B9121C7}.Debug|x86.ActiveCfg = Debug|Any CPU
		{EC8A21D4-5E8F-49C6-8CDF-A7592B9121C7}.Debug|x86.Build.0 = Debug|Any CPU
		{EC8A21D4-5E8F-49C6-8CDF-A7592B9121C7}.Release|Any CPU.ActiveCfg = Release|Any CPU
		{EC8A21D4-5E8F-49C6-8CDF-A7592B9121C7}.Release|Any CPU.Build.0 = Release|Any CPU
		{EC8A21D4-5E8F-49C6-8CDF-A7592B9121C7}.Release|Mixed Platforms.ActiveCfg = Release|Any CPU
		{EC8A21D4-5E8F-49C6-8CDF-A7592B9121C7}.Release|Mixed Platforms.Build.0 = Release|Any CPU
		{EC8A21D4-5E8F-49C6-8CDF-A7592B9121C7}.Release|x86.ActiveCfg = Release|Any CPU
		{EC8A21D4-5E8F-49C6-8CDF-A7592B9121C7}.Release|x86.Build.0 = Release|Any CPU
		{C99FD8F8-428A-4853-89AD-623AD62E51A1}.Debug|Any CPU.ActiveCfg = Debug|Any CPU
		{C99FD8F8-428A-4853-89AD-623AD62E51A1}.Debug|Any CPU.Build.0 = Debug|Any CPU
		{C99FD8F8-428A-4853-89AD-623AD62E51A1}.Debug|Mixed Platforms.ActiveCfg = Debug|Any CPU
		{C99FD8F8-428A-4853-89AD-623AD62E51A1}.Debug|Mixed Platforms.Build.0 = Debug|Any CPU
		{C99FD8F8-428A-4853-89AD-623AD62E51A1}.Debug|x86.ActiveCfg = Debug|Any CPU
		{C99FD8F8-428A-4853-89AD-623AD62E51A1}.Debug|x86.Build.0 = Debug|Any CPU
		{C99FD8F8-428A-4853-89AD-623AD62E51A1}.Release|Any CPU.ActiveCfg = Release|Any CPU
		{C99FD8F8-428A-4853-89AD-623AD62E51A1}.Release|Any CPU.Build.0 = Release|Any CPU
		{C99FD8F8-428A-4853-89AD-623AD62E51A1}.Release|Mixed Platforms.ActiveCfg = Release|Any CPU
		{C99FD8F8-428A-4853-89AD-623AD62E51A1}.Release|Mixed Platforms.Build.0 = Release|Any CPU
		{C99FD8F8-428A-4853-89AD-623AD62E51A1}.Release|x86.ActiveCfg = Release|Any CPU
		{C99FD8F8-428A-4853-89AD-623AD62E51A1}.Release|x86.Build.0 = Release|Any CPU
	EndGlobalSection
	GlobalSection(SolutionProperties) = preSolution
		HideSolutionNode = FALSE
	EndGlobalSection
EndGlobal
